// !$*UTF8*$!
{
	archiveVersion = 1;
	classes = {
	};
	objectVersion = 60;
	objects = {

/* Begin PBXBuildFile section */
		2416E75F2CAE8C03003BF114 /* LoadingButton.swift in Sources */ = {isa = PBXBuildFile; fileRef = 2416E75E2CAE8C03003BF114 /* LoadingButton.swift */; };
		2416E7612CAE8DF1003BF114 /* UIViewController+ShowToast.swift in Sources */ = {isa = PBXBuildFile; fileRef = 2416E7602CAE8DF1003BF114 /* UIViewController+ShowToast.swift */; };
		2416E7652CAE8E30003BF114 /* ToastView.swift in Sources */ = {isa = PBXBuildFile; fileRef = 2416E7642CAE8E30003BF114 /* ToastView.swift */; };
		2416E7672CAE8E3E003BF114 /* ToastModel.swift in Sources */ = {isa = PBXBuildFile; fileRef = 2416E7662CAE8E3E003BF114 /* ToastModel.swift */; };
		2416E7692CAE8E59003BF114 /* ToastStyle.swift in Sources */ = {isa = PBXBuildFile; fileRef = 2416E7682CAE8E59003BF114 /* ToastStyle.swift */; };
		2416E76B2CAE8ED3003BF114 /* UIColor+RGB.swift in Sources */ = {isa = PBXBuildFile; fileRef = 2416E76A2CAE8ED3003BF114 /* UIColor+RGB.swift */; };
		2416E76E2CAE9083003BF114 /* Padding.swift in Sources */ = {isa = PBXBuildFile; fileRef = 2416E76D2CAE9083003BF114 /* Padding.swift */; };
		2416E7732CAE9490003BF114 /* LoginValidator.swift in Sources */ = {isa = PBXBuildFile; fileRef = 2416E7722CAE948A003BF114 /* LoginValidator.swift */; };
		2416E7752CAE975E003BF114 /* LoginViewModel.swift in Sources */ = {isa = PBXBuildFile; fileRef = 2416E7742CAE975E003BF114 /* LoginViewModel.swift */; };
		2416E7762CAE975E003BF114 /* LoginViewModel.swift in Sources */ = {isa = PBXBuildFile; fileRef = 2416E7742CAE975E003BF114 /* LoginViewModel.swift */; };
		2416E7772CAE976C003BF114 /* LoginValidator.swift in Sources */ = {isa = PBXBuildFile; fileRef = 2416E7722CAE948A003BF114 /* LoginValidator.swift */; };
		242E9BE72CAFD1980078A4E1 /* ShimmeringLabel.swift in Sources */ = {isa = PBXBuildFile; fileRef = 242E9BE62CAFD1980078A4E1 /* ShimmeringLabel.swift */; };
		242E9BE92CAFD4510078A4E1 /* ProductCardErrorCell.swift in Sources */ = {isa = PBXBuildFile; fileRef = 242E9BE82CAFD4510078A4E1 /* ProductCardErrorCell.swift */; };
		242E9BEA2CAFD4510078A4E1 /* ProductCardErrorCell.swift in Sources */ = {isa = PBXBuildFile; fileRef = 242E9BE82CAFD4510078A4E1 /* ProductCardErrorCell.swift */; };
		242E9BED2CAFEA520078A4E1 /* IndividualAccountViewController.swift in Sources */ = {isa = PBXBuildFile; fileRef = 242E9BEC2CAFEA520078A4E1 /* IndividualAccountViewController.swift */; };
		242E9BEE2CAFEA520078A4E1 /* IndividualAccountViewController.swift in Sources */ = {isa = PBXBuildFile; fileRef = 242E9BEC2CAFEA520078A4E1 /* IndividualAccountViewController.swift */; };
		242E9BF02CAFF2C40078A4E1 /* CardView.swift in Sources */ = {isa = PBXBuildFile; fileRef = 242E9BEF2CAFF2C40078A4E1 /* CardView.swift */; };
		242E9BF22CAFF46E0078A4E1 /* IndividualAccountViewModel.swift in Sources */ = {isa = PBXBuildFile; fileRef = 242E9BF12CAFF4660078A4E1 /* IndividualAccountViewModel.swift */; };
		242E9BF32CAFF46E0078A4E1 /* IndividualAccountViewModel.swift in Sources */ = {isa = PBXBuildFile; fileRef = 242E9BF12CAFF4660078A4E1 /* IndividualAccountViewModel.swift */; };
		24430A342CAFFD0600D92490 /* Lottie in Frameworks */ = {isa = PBXBuildFile; productRef = 24430A332CAFFD0600D92490 /* Lottie */; };
		24430A362CAFFE2600D92490 /* Confetti_lottie.json in Resources */ = {isa = PBXBuildFile; fileRef = 24430A352CAFFE2600D92490 /* Confetti_lottie.json */; };
		24430A382CB000AF00D92490 /* IndividualAccountViewModelTests.swift in Sources */ = {isa = PBXBuildFile; fileRef = 24430A372CB000AF00D92490 /* IndividualAccountViewModelTests.swift */; };
		24430A3A2CB008C600D92490 /* Add.json in Resources */ = {isa = PBXBuildFile; fileRef = 24430A392CB008C600D92490 /* Add.json */; };
		24430A3B2CB008C600D92490 /* Add.json in Resources */ = {isa = PBXBuildFile; fileRef = 24430A392CB008C600D92490 /* Add.json */; };
		24430A3C2CB0607C00D92490 /* Assets.xcassets in Resources */ = {isa = PBXBuildFile; fileRef = B2CA46D42793508A0041B3A5 /* Assets.xcassets */; };
		24430A3D2CB0608500D92490 /* Padding.swift in Sources */ = {isa = PBXBuildFile; fileRef = 2416E76D2CAE9083003BF114 /* Padding.swift */; };
		24430A3E2CB0608D00D92490 /* LoadingButton.swift in Sources */ = {isa = PBXBuildFile; fileRef = 2416E75E2CAE8C03003BF114 /* LoadingButton.swift */; };
		24430A3F2CB0609400D92490 /* CardView.swift in Sources */ = {isa = PBXBuildFile; fileRef = 242E9BEF2CAFF2C40078A4E1 /* CardView.swift */; };
		24430A402CB0609B00D92490 /* MainCoordinator.swift in Sources */ = {isa = PBXBuildFile; fileRef = 24DB4B4E2CAE9F7500FA476E /* MainCoordinator.swift */; };
		24430A412CB060A100D92490 /* ShimmeringLabel.swift in Sources */ = {isa = PBXBuildFile; fileRef = 242E9BE62CAFD1980078A4E1 /* ShimmeringLabel.swift */; };
		24430A422CB060AA00D92490 /* Coordinator.swift in Sources */ = {isa = PBXBuildFile; fileRef = 24DB4B4B2CAE9F4E00FA476E /* Coordinator.swift */; };
		24430A432CB060B400D92490 /* LoginViewController.swift in Sources */ = {isa = PBXBuildFile; fileRef = B228EA692880B30B00B35F16 /* LoginViewController.swift */; };
		24430A442CB060BD00D92490 /* ToastModel.swift in Sources */ = {isa = PBXBuildFile; fileRef = 2416E7662CAE8E3E003BF114 /* ToastModel.swift */; };
		24430A452CB060C400D92490 /* ToastStyle.swift in Sources */ = {isa = PBXBuildFile; fileRef = 2416E7682CAE8E59003BF114 /* ToastStyle.swift */; };
		24430A462CB060D200D92490 /* ProductCardCell.swift in Sources */ = {isa = PBXBuildFile; fileRef = 24DB4B762CAEAB5400FA476E /* ProductCardCell.swift */; };
		24430A472CB0613800D92490 /* UIViewController+ShowToast.swift in Sources */ = {isa = PBXBuildFile; fileRef = 2416E7602CAE8DF1003BF114 /* UIViewController+ShowToast.swift */; };
		24430A482CB0613F00D92490 /* ToastView.swift in Sources */ = {isa = PBXBuildFile; fileRef = 2416E7642CAE8E30003BF114 /* ToastView.swift */; };
		24430A4B2CB0626300D92490 /* UserAccountsViewModelTests.swift in Sources */ = {isa = PBXBuildFile; fileRef = 24430A4A2CB0625C00D92490 /* UserAccountsViewModelTests.swift */; };
		24430A4E2CB0629100D92490 /* MockDataProvider.swift in Sources */ = {isa = PBXBuildFile; fileRef = 24430A4D2CB0629100D92490 /* MockDataProvider.swift */; };
		24430A502CB0687200D92490 /* LoginViewModelTests.swift in Sources */ = {isa = PBXBuildFile; fileRef = 24430A4F2CB0687200D92490 /* LoginViewModelTests.swift */; };
		24430A532CB06A0400D92490 /* LoginValidatorTests.swift in Sources */ = {isa = PBXBuildFile; fileRef = 24430A522CB06A0400D92490 /* LoginValidatorTests.swift */; };
		24430A592CB06B3900D92490 /* InlineSnapshotTesting in Frameworks */ = {isa = PBXBuildFile; productRef = 24430A582CB06B3900D92490 /* InlineSnapshotTesting */; };
		24430A5B2CB06B3900D92490 /* SnapshotTesting in Frameworks */ = {isa = PBXBuildFile; productRef = 24430A5A2CB06B3900D92490 /* SnapshotTesting */; };
		24430A5E2CB06B5500D92490 /* LoginViewControllerTests.swift in Sources */ = {isa = PBXBuildFile; fileRef = 24430A5D2CB06B4D00D92490 /* LoginViewControllerTests.swift */; };
		24430A602CB06EC500D92490 /* UserAccountsViewControllerTests.swift in Sources */ = {isa = PBXBuildFile; fileRef = 24430A5F2CB06EC500D92490 /* UserAccountsViewControllerTests.swift */; };
		24430A622CB071D000D92490 /* IndividualAccountViewControllerTests.swift in Sources */ = {isa = PBXBuildFile; fileRef = 24430A612CB071CC00D92490 /* IndividualAccountViewControllerTests.swift */; };
		24DB4B402CAE9BD600FA476E /* KeychainManager.swift in Sources */ = {isa = PBXBuildFile; fileRef = 24DB4B3F2CAE9BD200FA476E /* KeychainManager.swift */; };
		24DB4B412CAE9BD600FA476E /* KeychainManager.swift in Sources */ = {isa = PBXBuildFile; fileRef = 24DB4B3F2CAE9BD200FA476E /* KeychainManager.swift */; };
		24DB4B452CAE9DE300FA476E /* UserAccountsViewController.swift in Sources */ = {isa = PBXBuildFile; fileRef = 24DB4B442CAE9DE300FA476E /* UserAccountsViewController.swift */; };
		24DB4B462CAE9DE300FA476E /* UserAccountsViewController.swift in Sources */ = {isa = PBXBuildFile; fileRef = 24DB4B442CAE9DE300FA476E /* UserAccountsViewController.swift */; };
		24DB4B4C2CAE9F4E00FA476E /* Coordinator.swift in Sources */ = {isa = PBXBuildFile; fileRef = 24DB4B4B2CAE9F4E00FA476E /* Coordinator.swift */; };
		24DB4B4F2CAE9F7500FA476E /* MainCoordinator.swift in Sources */ = {isa = PBXBuildFile; fileRef = 24DB4B4E2CAE9F7500FA476E /* MainCoordinator.swift */; };
		24DB4B772CAEAB5400FA476E /* ProductCardCell.swift in Sources */ = {isa = PBXBuildFile; fileRef = 24DB4B762CAEAB5400FA476E /* ProductCardCell.swift */; };
		24DB4B7A2CAEAFC000FA476E /* DisplayableProduct.swift in Sources */ = {isa = PBXBuildFile; fileRef = 24DB4B792CAEAFBD00FA476E /* DisplayableProduct.swift */; };
		24DB4B7B2CAEAFC000FA476E /* DisplayableProduct.swift in Sources */ = {isa = PBXBuildFile; fileRef = 24DB4B792CAEAFBD00FA476E /* DisplayableProduct.swift */; };
		24DB4B822CAEC4F100FA476E /* Array+Safe.swift in Sources */ = {isa = PBXBuildFile; fileRef = 24DB4B812CAEC4F100FA476E /* Array+Safe.swift */; };
		24DB4B832CAEC4F100FA476E /* Array+Safe.swift in Sources */ = {isa = PBXBuildFile; fileRef = 24DB4B812CAEC4F100FA476E /* Array+Safe.swift */; };
		24DB4B882CAECD7C00FA476E /* UserDefaultsManager.swift in Sources */ = {isa = PBXBuildFile; fileRef = 24DB4B872CAECD7C00FA476E /* UserDefaultsManager.swift */; };
		24DB4B892CAECD7C00FA476E /* UserDefaultsManager.swift in Sources */ = {isa = PBXBuildFile; fileRef = 24DB4B872CAECD7C00FA476E /* UserDefaultsManager.swift */; };
		24DB4B8B2CAED03C00FA476E /* UserAccountsViewModel.swift in Sources */ = {isa = PBXBuildFile; fileRef = 24DB4B8A2CAED03500FA476E /* UserAccountsViewModel.swift */; };
		24DB4B8C2CAED03C00FA476E /* UserAccountsViewModel.swift in Sources */ = {isa = PBXBuildFile; fileRef = 24DB4B8A2CAED03500FA476E /* UserAccountsViewModel.swift */; };
		24DB4B8F2CAED19C00FA476E /* Networking in Frameworks */ = {isa = PBXBuildFile; productRef = 24DB4B8E2CAED19C00FA476E /* Networking */; };
		B228EA6B2880B30B00B35F16 /* LoginViewController.swift in Sources */ = {isa = PBXBuildFile; fileRef = B228EA692880B30B00B35F16 /* LoginViewController.swift */; };
		B2CA46CC279350880041B3A5 /* AppDelegate.swift in Sources */ = {isa = PBXBuildFile; fileRef = B2CA46CB279350880041B3A5 /* AppDelegate.swift */; };
		B2CA46D52793508A0041B3A5 /* Assets.xcassets in Resources */ = {isa = PBXBuildFile; fileRef = B2CA46D42793508A0041B3A5 /* Assets.xcassets */; };
		B2CA46D82793508A0041B3A5 /* LaunchScreen.storyboard in Resources */ = {isa = PBXBuildFile; fileRef = B2CA46D62793508A0041B3A5 /* LaunchScreen.storyboard */; };
		B2CA47672794D69A0041B3A5 /* StubData.swift in Sources */ = {isa = PBXBuildFile; fileRef = B2CA47662794D69A0041B3A5 /* StubData.swift */; };
		B2CA47712794D8E50041B3A5 /* LoginSucceed.json in Resources */ = {isa = PBXBuildFile; fileRef = B2CA47692794D6D70041B3A5 /* LoginSucceed.json */; };
		B2CA47B42796052F0041B3A5 /* Accounts.json in Resources */ = {isa = PBXBuildFile; fileRef = B2CA47B2279604A10041B3A5 /* Accounts.json */; };
/* End PBXBuildFile section */

/* Begin PBXContainerItemProxy section */
		B2CA46DF2793508A0041B3A5 /* PBXContainerItemProxy */ = {
			isa = PBXContainerItemProxy;
			containerPortal = B2CA46C0279350880041B3A5 /* Project object */;
			proxyType = 1;
			remoteGlobalIDString = B2CA46C7279350880041B3A5;
			remoteInfo = MoneyBox;
		};
/* End PBXContainerItemProxy section */

/* Begin PBXFileReference section */
		2416E75E2CAE8C03003BF114 /* LoadingButton.swift */ = {isa = PBXFileReference; lastKnownFileType = sourcecode.swift; path = LoadingButton.swift; sourceTree = "<group>"; };
		2416E7602CAE8DF1003BF114 /* UIViewController+ShowToast.swift */ = {isa = PBXFileReference; lastKnownFileType = sourcecode.swift; path = "UIViewController+ShowToast.swift"; sourceTree = "<group>"; };
		2416E7642CAE8E30003BF114 /* ToastView.swift */ = {isa = PBXFileReference; lastKnownFileType = sourcecode.swift; path = ToastView.swift; sourceTree = "<group>"; };
		2416E7662CAE8E3E003BF114 /* ToastModel.swift */ = {isa = PBXFileReference; lastKnownFileType = sourcecode.swift; path = ToastModel.swift; sourceTree = "<group>"; };
		2416E7682CAE8E59003BF114 /* ToastStyle.swift */ = {isa = PBXFileReference; lastKnownFileType = sourcecode.swift; path = ToastStyle.swift; sourceTree = "<group>"; };
		2416E76A2CAE8ED3003BF114 /* UIColor+RGB.swift */ = {isa = PBXFileReference; lastKnownFileType = sourcecode.swift; path = "UIColor+RGB.swift"; sourceTree = "<group>"; };
		2416E76D2CAE9083003BF114 /* Padding.swift */ = {isa = PBXFileReference; lastKnownFileType = sourcecode.swift; path = Padding.swift; sourceTree = "<group>"; };
		2416E7722CAE948A003BF114 /* LoginValidator.swift */ = {isa = PBXFileReference; lastKnownFileType = sourcecode.swift; path = LoginValidator.swift; sourceTree = "<group>"; };
		2416E7742CAE975E003BF114 /* LoginViewModel.swift */ = {isa = PBXFileReference; lastKnownFileType = sourcecode.swift; path = LoginViewModel.swift; sourceTree = "<group>"; };
		242E9BE62CAFD1980078A4E1 /* ShimmeringLabel.swift */ = {isa = PBXFileReference; lastKnownFileType = sourcecode.swift; path = ShimmeringLabel.swift; sourceTree = "<group>"; };
		242E9BE82CAFD4510078A4E1 /* ProductCardErrorCell.swift */ = {isa = PBXFileReference; lastKnownFileType = sourcecode.swift; path = ProductCardErrorCell.swift; sourceTree = "<group>"; };
		242E9BEC2CAFEA520078A4E1 /* IndividualAccountViewController.swift */ = {isa = PBXFileReference; lastKnownFileType = sourcecode.swift; path = IndividualAccountViewController.swift; sourceTree = "<group>"; };
		242E9BEF2CAFF2C40078A4E1 /* CardView.swift */ = {isa = PBXFileReference; lastKnownFileType = sourcecode.swift; path = CardView.swift; sourceTree = "<group>"; };
		242E9BF12CAFF4660078A4E1 /* IndividualAccountViewModel.swift */ = {isa = PBXFileReference; lastKnownFileType = sourcecode.swift; path = IndividualAccountViewModel.swift; sourceTree = "<group>"; };
		24430A352CAFFE2600D92490 /* Confetti_lottie.json */ = {isa = PBXFileReference; lastKnownFileType = text.json; path = Confetti_lottie.json; sourceTree = "<group>"; };
		24430A372CB000AF00D92490 /* IndividualAccountViewModelTests.swift */ = {isa = PBXFileReference; lastKnownFileType = sourcecode.swift; path = IndividualAccountViewModelTests.swift; sourceTree = "<group>"; };
		24430A392CB008C600D92490 /* Add.json */ = {isa = PBXFileReference; lastKnownFileType = text.json; path = Add.json; sourceTree = "<group>"; };
		24430A4A2CB0625C00D92490 /* UserAccountsViewModelTests.swift */ = {isa = PBXFileReference; lastKnownFileType = sourcecode.swift; path = UserAccountsViewModelTests.swift; sourceTree = "<group>"; };
		24430A4D2CB0629100D92490 /* MockDataProvider.swift */ = {isa = PBXFileReference; lastKnownFileType = sourcecode.swift; path = MockDataProvider.swift; sourceTree = "<group>"; };
		24430A4F2CB0687200D92490 /* LoginViewModelTests.swift */ = {isa = PBXFileReference; lastKnownFileType = sourcecode.swift; path = LoginViewModelTests.swift; sourceTree = "<group>"; };
		24430A522CB06A0400D92490 /* LoginValidatorTests.swift */ = {isa = PBXFileReference; lastKnownFileType = sourcecode.swift; path = LoginValidatorTests.swift; sourceTree = "<group>"; };
		24430A5D2CB06B4D00D92490 /* LoginViewControllerTests.swift */ = {isa = PBXFileReference; lastKnownFileType = sourcecode.swift; path = LoginViewControllerTests.swift; sourceTree = "<group>"; };
		24430A5F2CB06EC500D92490 /* UserAccountsViewControllerTests.swift */ = {isa = PBXFileReference; lastKnownFileType = sourcecode.swift; path = UserAccountsViewControllerTests.swift; sourceTree = "<group>"; };
		24430A612CB071CC00D92490 /* IndividualAccountViewControllerTests.swift */ = {isa = PBXFileReference; lastKnownFileType = sourcecode.swift; path = IndividualAccountViewControllerTests.swift; sourceTree = "<group>"; };
		24DB4B3F2CAE9BD200FA476E /* KeychainManager.swift */ = {isa = PBXFileReference; lastKnownFileType = sourcecode.swift; path = KeychainManager.swift; sourceTree = "<group>"; };
		24DB4B442CAE9DE300FA476E /* UserAccountsViewController.swift */ = {isa = PBXFileReference; lastKnownFileType = sourcecode.swift; path = UserAccountsViewController.swift; sourceTree = "<group>"; };
		24DB4B4B2CAE9F4E00FA476E /* Coordinator.swift */ = {isa = PBXFileReference; lastKnownFileType = sourcecode.swift; path = Coordinator.swift; sourceTree = "<group>"; };
		24DB4B4E2CAE9F7500FA476E /* MainCoordinator.swift */ = {isa = PBXFileReference; lastKnownFileType = sourcecode.swift; path = MainCoordinator.swift; sourceTree = "<group>"; };
		24DB4B762CAEAB5400FA476E /* ProductCardCell.swift */ = {isa = PBXFileReference; lastKnownFileType = sourcecode.swift; path = ProductCardCell.swift; sourceTree = "<group>"; };
		24DB4B792CAEAFBD00FA476E /* DisplayableProduct.swift */ = {isa = PBXFileReference; lastKnownFileType = sourcecode.swift; path = DisplayableProduct.swift; sourceTree = "<group>"; };
		24DB4B812CAEC4F100FA476E /* Array+Safe.swift */ = {isa = PBXFileReference; lastKnownFileType = sourcecode.swift; path = "Array+Safe.swift"; sourceTree = "<group>"; };
		24DB4B872CAECD7C00FA476E /* UserDefaultsManager.swift */ = {isa = PBXFileReference; lastKnownFileType = sourcecode.swift; path = UserDefaultsManager.swift; sourceTree = "<group>"; };
		24DB4B8A2CAED03500FA476E /* UserAccountsViewModel.swift */ = {isa = PBXFileReference; lastKnownFileType = sourcecode.swift; path = UserAccountsViewModel.swift; sourceTree = "<group>"; };
		B228EA692880B30B00B35F16 /* LoginViewController.swift */ = {isa = PBXFileReference; fileEncoding = 4; lastKnownFileType = sourcecode.swift; path = LoginViewController.swift; sourceTree = "<group>"; };
		B24EED92288ED5740016C233 /* Networking */ = {isa = PBXFileReference; lastKnownFileType = wrapper; path = Networking; sourceTree = "<group>"; };
		B2CA46C8279350880041B3A5 /* MoneyBox.app */ = {isa = PBXFileReference; explicitFileType = wrapper.application; includeInIndex = 0; path = MoneyBox.app; sourceTree = BUILT_PRODUCTS_DIR; };
		B2CA46CB279350880041B3A5 /* AppDelegate.swift */ = {isa = PBXFileReference; lastKnownFileType = sourcecode.swift; path = AppDelegate.swift; sourceTree = "<group>"; };
		B2CA46D42793508A0041B3A5 /* Assets.xcassets */ = {isa = PBXFileReference; lastKnownFileType = folder.assetcatalog; path = Assets.xcassets; sourceTree = "<group>"; };
		B2CA46D72793508A0041B3A5 /* Base */ = {isa = PBXFileReference; lastKnownFileType = file.storyboard; name = Base; path = Base.lproj/LaunchScreen.storyboard; sourceTree = "<group>"; };
		B2CA46D92793508A0041B3A5 /* Info.plist */ = {isa = PBXFileReference; lastKnownFileType = text.plist.xml; path = Info.plist; sourceTree = "<group>"; };
		B2CA46DE2793508A0041B3A5 /* MoneyBoxTests.xctest */ = {isa = PBXFileReference; explicitFileType = wrapper.cfbundle; includeInIndex = 0; path = MoneyBoxTests.xctest; sourceTree = BUILT_PRODUCTS_DIR; };
		B2CA47662794D69A0041B3A5 /* StubData.swift */ = {isa = PBXFileReference; lastKnownFileType = sourcecode.swift; path = StubData.swift; sourceTree = "<group>"; };
		B2CA47692794D6D70041B3A5 /* LoginSucceed.json */ = {isa = PBXFileReference; lastKnownFileType = text.json; path = LoginSucceed.json; sourceTree = "<group>"; };
		B2CA47B2279604A10041B3A5 /* Accounts.json */ = {isa = PBXFileReference; lastKnownFileType = text.json; path = Accounts.json; sourceTree = "<group>"; };
/* End PBXFileReference section */

/* Begin PBXFrameworksBuildPhase section */
		B2CA46C5279350880041B3A5 /* Frameworks */ = {
			isa = PBXFrameworksBuildPhase;
			buildActionMask = 2147483647;
			files = (
				24DB4B8F2CAED19C00FA476E /* Networking in Frameworks */,
				24430A342CAFFD0600D92490 /* Lottie in Frameworks */,
			);
			runOnlyForDeploymentPostprocessing = 0;
		};
		B2CA46DB2793508A0041B3A5 /* Frameworks */ = {
			isa = PBXFrameworksBuildPhase;
			buildActionMask = 2147483647;
			files = (
				24430A592CB06B3900D92490 /* InlineSnapshotTesting in Frameworks */,
				24430A5B2CB06B3900D92490 /* SnapshotTesting in Frameworks */,
			);
			runOnlyForDeploymentPostprocessing = 0;
		};
/* End PBXFrameworksBuildPhase section */

/* Begin PBXGroup section */
		2416E75C2CAE8BAE003BF114 /* Login */ = {
			isa = PBXGroup;
			children = (
				24DB4B4E2CAE9F7500FA476E /* MainCoordinator.swift */,
				2416E7722CAE948A003BF114 /* LoginValidator.swift */,
				B228EA692880B30B00B35F16 /* LoginViewController.swift */,
				2416E7742CAE975E003BF114 /* LoginViewModel.swift */,
			);
			path = Login;
			sourceTree = "<group>";
		};
		2416E75D2CAE8BB4003BF114 /* Extensions */ = {
			isa = PBXGroup;
			children = (
				2416E76A2CAE8ED3003BF114 /* UIColor+RGB.swift */,
				2416E75E2CAE8C03003BF114 /* LoadingButton.swift */,
				2416E7602CAE8DF1003BF114 /* UIViewController+ShowToast.swift */,
				24DB4B812CAEC4F100FA476E /* Array+Safe.swift */,
			);
			path = Extensions;
			sourceTree = "<group>";
		};
		2416E7622CAE8E18003BF114 /* Common Views */ = {
			isa = PBXGroup;
			children = (
				242E9BEF2CAFF2C40078A4E1 /* CardView.swift */,
				242E9BE62CAFD1980078A4E1 /* ShimmeringLabel.swift */,
				2416E7632CAE8E28003BF114 /* ToastView */,
			);
			path = "Common Views";
			sourceTree = "<group>";
		};
		2416E7632CAE8E28003BF114 /* ToastView */ = {
			isa = PBXGroup;
			children = (
				2416E7682CAE8E59003BF114 /* ToastStyle.swift */,
				2416E7662CAE8E3E003BF114 /* ToastModel.swift */,
				2416E7642CAE8E30003BF114 /* ToastView.swift */,
			);
			path = ToastView;
			sourceTree = "<group>";
		};
		2416E76C2CAE9078003BF114 /* Common */ = {
			isa = PBXGroup;
			children = (
				24DB4B862CAECD6300FA476E /* Managers */,
				24DB4B4B2CAE9F4E00FA476E /* Coordinator.swift */,
				2416E76D2CAE9083003BF114 /* Padding.swift */,
			);
			path = Common;
			sourceTree = "<group>";
		};
		242E9BEB2CAFEA430078A4E1 /* IndividualAccount */ = {
			isa = PBXGroup;
			children = (
				242E9BF12CAFF4660078A4E1 /* IndividualAccountViewModel.swift */,
				242E9BEC2CAFEA520078A4E1 /* IndividualAccountViewController.swift */,
			);
			path = IndividualAccount;
			sourceTree = "<group>";
		};
		24430A492CB0624E00D92490 /* ViewModels */ = {
			isa = PBXGroup;
			children = (
				24430A4A2CB0625C00D92490 /* UserAccountsViewModelTests.swift */,
				24430A372CB000AF00D92490 /* IndividualAccountViewModelTests.swift */,
				24430A4F2CB0687200D92490 /* LoginViewModelTests.swift */,
			);
			path = ViewModels;
			sourceTree = "<group>";
		};
		24430A4C2CB0628B00D92490 /* Stubs */ = {
			isa = PBXGroup;
			children = (
				24430A4D2CB0629100D92490 /* MockDataProvider.swift */,
				B2CA47662794D69A0041B3A5 /* StubData.swift */,
			);
			path = Stubs;
			sourceTree = "<group>";
		};
		24430A512CB069DA00D92490 /* Validators */ = {
			isa = PBXGroup;
			children = (
				24430A522CB06A0400D92490 /* LoginValidatorTests.swift */,
			);
			path = Validators;
			sourceTree = "<group>";
		};
		24430A5C2CB06B3F00D92490 /* SnapshotTests */ = {
			isa = PBXGroup;
			children = (
				24430A612CB071CC00D92490 /* IndividualAccountViewControllerTests.swift */,
				24430A5D2CB06B4D00D92490 /* LoginViewControllerTests.swift */,
				24430A5F2CB06EC500D92490 /* UserAccountsViewControllerTests.swift */,
			);
			path = SnapshotTests;
			sourceTree = "<group>";
		};
		24DB4B422CAE9DBD00FA476E /* Screens */ = {
			isa = PBXGroup;
			children = (
				242E9BEB2CAFEA430078A4E1 /* IndividualAccount */,
				24DB4B432CAE9DC700FA476E /* UserAccounts */,
				2416E75C2CAE8BAE003BF114 /* Login */,
			);
			path = Screens;
			sourceTree = "<group>";
		};
		24DB4B432CAE9DC700FA476E /* UserAccounts */ = {
			isa = PBXGroup;
			children = (
				24DB4B8A2CAED03500FA476E /* UserAccountsViewModel.swift */,
				24DB4B792CAEAFBD00FA476E /* DisplayableProduct.swift */,
				24DB4B472CAE9E3D00FA476E /* Cells */,
				24DB4B442CAE9DE300FA476E /* UserAccountsViewController.swift */,
			);
			path = UserAccounts;
			sourceTree = "<group>";
		};
		24DB4B472CAE9E3D00FA476E /* Cells */ = {
			isa = PBXGroup;
			children = (
				24DB4B762CAEAB5400FA476E /* ProductCardCell.swift */,
				242E9BE82CAFD4510078A4E1 /* ProductCardErrorCell.swift */,
			);
			path = Cells;
			sourceTree = "<group>";
		};
		24DB4B862CAECD6300FA476E /* Managers */ = {
			isa = PBXGroup;
			children = (
				24DB4B3F2CAE9BD200FA476E /* KeychainManager.swift */,
				24DB4B872CAECD7C00FA476E /* UserDefaultsManager.swift */,
			);
			path = Managers;
			sourceTree = "<group>";
		};
		B2CA46BF279350880041B3A5 = {
			isa = PBXGroup;
			children = (
				24430A352CAFFE2600D92490 /* Confetti_lottie.json */,
				B2DEEA31288818470030A8F2 /* Packages */,
				B2CA46CA279350880041B3A5 /* MoneyBox */,
				B2CA46E12793508A0041B3A5 /* MoneyBoxTests */,
				B2CA46C9279350880041B3A5 /* Products */,
			);
			sourceTree = "<group>";
		};
		B2CA46C9279350880041B3A5 /* Products */ = {
			isa = PBXGroup;
			children = (
				B2CA46C8279350880041B3A5 /* MoneyBox.app */,
				B2CA46DE2793508A0041B3A5 /* MoneyBoxTests.xctest */,
			);
			name = Products;
			sourceTree = "<group>";
		};
		B2CA46CA279350880041B3A5 /* MoneyBox */ = {
			isa = PBXGroup;
			children = (
				2416E76C2CAE9078003BF114 /* Common */,
				2416E7622CAE8E18003BF114 /* Common Views */,
				2416E75D2CAE8BB4003BF114 /* Extensions */,
				24DB4B422CAE9DBD00FA476E /* Screens */,
				B2CA46CB279350880041B3A5 /* AppDelegate.swift */,
				B2CA46D42793508A0041B3A5 /* Assets.xcassets */,
				B2CA46D62793508A0041B3A5 /* LaunchScreen.storyboard */,
				B2CA46D92793508A0041B3A5 /* Info.plist */,
			);
			path = MoneyBox;
			sourceTree = "<group>";
		};
		B2CA46E12793508A0041B3A5 /* MoneyBoxTests */ = {
			isa = PBXGroup;
			children = (
				24430A5C2CB06B3F00D92490 /* SnapshotTests */,
				24430A512CB069DA00D92490 /* Validators */,
				24430A492CB0624E00D92490 /* ViewModels */,
				24430A4C2CB0628B00D92490 /* Stubs */,
				B2CA47682794D6AC0041B3A5 /* ResponseJsons */,
			);
			path = MoneyBoxTests;
			sourceTree = "<group>";
		};
		B2CA47682794D6AC0041B3A5 /* ResponseJsons */ = {
			isa = PBXGroup;
			children = (
				B2CA47692794D6D70041B3A5 /* LoginSucceed.json */,
				B2CA47B2279604A10041B3A5 /* Accounts.json */,
				24430A392CB008C600D92490 /* Add.json */,
			);
			path = ResponseJsons;
			sourceTree = "<group>";
		};
		B2DEEA31288818470030A8F2 /* Packages */ = {
			isa = PBXGroup;
			children = (
				B24EED92288ED5740016C233 /* Networking */,
			);
			name = Packages;
			sourceTree = "<group>";
		};
/* End PBXGroup section */

/* Begin PBXNativeTarget section */
		B2CA46C7279350880041B3A5 /* MoneyBox */ = {
			isa = PBXNativeTarget;
			buildConfigurationList = B2CA46F22793508A0041B3A5 /* Build configuration list for PBXNativeTarget "MoneyBox" */;
			buildPhases = (
				B2CA46C4279350880041B3A5 /* Sources */,
				B2CA46C5279350880041B3A5 /* Frameworks */,
				B2CA46C6279350880041B3A5 /* Resources */,
			);
			buildRules = (
			);
			dependencies = (
			);
			name = MoneyBox;
			packageProductDependencies = (
				24DB4B8E2CAED19C00FA476E /* Networking */,
				24430A332CAFFD0600D92490 /* Lottie */,
			);
			productName = MoneyBox;
			productReference = B2CA46C8279350880041B3A5 /* MoneyBox.app */;
			productType = "com.apple.product-type.application";
		};
		B2CA46DD2793508A0041B3A5 /* MoneyBoxTests */ = {
			isa = PBXNativeTarget;
			buildConfigurationList = B2CA46F52793508A0041B3A5 /* Build configuration list for PBXNativeTarget "MoneyBoxTests" */;
			buildPhases = (
				B2CA46DA2793508A0041B3A5 /* Sources */,
				B2CA46DB2793508A0041B3A5 /* Frameworks */,
				B2CA46DC2793508A0041B3A5 /* Resources */,
			);
			buildRules = (
			);
			dependencies = (
				B2CA46E02793508A0041B3A5 /* PBXTargetDependency */,
			);
			name = MoneyBoxTests;
			productName = MoneyBoxTests;
			productReference = B2CA46DE2793508A0041B3A5 /* MoneyBoxTests.xctest */;
			productType = "com.apple.product-type.bundle.unit-test";
		};
/* End PBXNativeTarget section */

/* Begin PBXProject section */
		B2CA46C0279350880041B3A5 /* Project object */ = {
			isa = PBXProject;
			attributes = {
				BuildIndependentTargetsInParallel = 1;
				LastSwiftUpdateCheck = 1320;
				LastUpgradeCheck = 1320;
				TargetAttributes = {
					B2CA46C7279350880041B3A5 = {
						CreatedOnToolsVersion = 13.2.1;
					};
					B2CA46DD2793508A0041B3A5 = {
						CreatedOnToolsVersion = 13.2.1;
						TestTargetID = B2CA46C7279350880041B3A5;
					};
				};
			};
			buildConfigurationList = B2CA46C3279350880041B3A5 /* Build configuration list for PBXProject "MoneyBox" */;
			compatibilityVersion = "Xcode 13.0";
			developmentRegion = en;
			hasScannedForEncodings = 0;
			knownRegions = (
				en,
				Base,
			);
			mainGroup = B2CA46BF279350880041B3A5;
			packageReferences = (
				24DB4B8D2CAED19C00FA476E /* XCLocalSwiftPackageReference "Networking" */,
				24430A322CAFFD0600D92490 /* XCRemoteSwiftPackageReference "lottie-spm" */,
				24430A572CB06B3900D92490 /* XCRemoteSwiftPackageReference "swift-snapshot-testing" */,
			);
			productRefGroup = B2CA46C9279350880041B3A5 /* Products */;
			projectDirPath = "";
			projectRoot = "";
			targets = (
				B2CA46C7279350880041B3A5 /* MoneyBox */,
				B2CA46DD2793508A0041B3A5 /* MoneyBoxTests */,
			);
		};
/* End PBXProject section */

/* Begin PBXResourcesBuildPhase section */
		B2CA46C6279350880041B3A5 /* Resources */ = {
			isa = PBXResourcesBuildPhase;
			buildActionMask = 2147483647;
			files = (
				B2CA46D82793508A0041B3A5 /* LaunchScreen.storyboard in Resources */,
				24430A362CAFFE2600D92490 /* Confetti_lottie.json in Resources */,
				B2CA47712794D8E50041B3A5 /* LoginSucceed.json in Resources */,
				24430A3A2CB008C600D92490 /* Add.json in Resources */,
				B2CA46D52793508A0041B3A5 /* Assets.xcassets in Resources */,
				B2CA47B42796052F0041B3A5 /* Accounts.json in Resources */,
			);
			runOnlyForDeploymentPostprocessing = 0;
		};
		B2CA46DC2793508A0041B3A5 /* Resources */ = {
			isa = PBXResourcesBuildPhase;
			buildActionMask = 2147483647;
			files = (
				24430A3C2CB0607C00D92490 /* Assets.xcassets in Resources */,
				24430A3B2CB008C600D92490 /* Add.json in Resources */,
			);
			runOnlyForDeploymentPostprocessing = 0;
		};
/* End PBXResourcesBuildPhase section */

/* Begin PBXSourcesBuildPhase section */
		B2CA46C4279350880041B3A5 /* Sources */ = {
			isa = PBXSourcesBuildPhase;
			buildActionMask = 2147483647;
			files = (
				2416E75F2CAE8C03003BF114 /* LoadingButton.swift in Sources */,
				B2CA46CC279350880041B3A5 /* AppDelegate.swift in Sources */,
				242E9BED2CAFEA520078A4E1 /* IndividualAccountViewController.swift in Sources */,
				24DB4B4C2CAE9F4E00FA476E /* Coordinator.swift in Sources */,
				2416E7752CAE975E003BF114 /* LoginViewModel.swift in Sources */,
				2416E76E2CAE9083003BF114 /* Padding.swift in Sources */,
				24DB4B8B2CAED03C00FA476E /* UserAccountsViewModel.swift in Sources */,
				2416E7612CAE8DF1003BF114 /* UIViewController+ShowToast.swift in Sources */,
				242E9BE72CAFD1980078A4E1 /* ShimmeringLabel.swift in Sources */,
				24DB4B882CAECD7C00FA476E /* UserDefaultsManager.swift in Sources */,
				2416E7672CAE8E3E003BF114 /* ToastModel.swift in Sources */,
				242E9BE92CAFD4510078A4E1 /* ProductCardErrorCell.swift in Sources */,
				B228EA6B2880B30B00B35F16 /* LoginViewController.swift in Sources */,
				24DB4B402CAE9BD600FA476E /* KeychainManager.swift in Sources */,
				24DB4B4F2CAE9F7500FA476E /* MainCoordinator.swift in Sources */,
				24DB4B7A2CAEAFC000FA476E /* DisplayableProduct.swift in Sources */,
				2416E76B2CAE8ED3003BF114 /* UIColor+RGB.swift in Sources */,
				242E9BF22CAFF46E0078A4E1 /* IndividualAccountViewModel.swift in Sources */,
				2416E7692CAE8E59003BF114 /* ToastStyle.swift in Sources */,
				24DB4B462CAE9DE300FA476E /* UserAccountsViewController.swift in Sources */,
				24DB4B822CAEC4F100FA476E /* Array+Safe.swift in Sources */,
				24DB4B772CAEAB5400FA476E /* ProductCardCell.swift in Sources */,
				2416E7732CAE9490003BF114 /* LoginValidator.swift in Sources */,
				242E9BF02CAFF2C40078A4E1 /* CardView.swift in Sources */,
				2416E7652CAE8E30003BF114 /* ToastView.swift in Sources */,
			);
			runOnlyForDeploymentPostprocessing = 0;
		};
		B2CA46DA2793508A0041B3A5 /* Sources */ = {
			isa = PBXSourcesBuildPhase;
			buildActionMask = 2147483647;
			files = (
				24430A402CB0609B00D92490 /* MainCoordinator.swift in Sources */,
				24430A452CB060C400D92490 /* ToastStyle.swift in Sources */,
				24430A602CB06EC500D92490 /* UserAccountsViewControllerTests.swift in Sources */,
				24430A412CB060A100D92490 /* ShimmeringLabel.swift in Sources */,
				2416E7772CAE976C003BF114 /* LoginValidator.swift in Sources */,
				242E9BEE2CAFEA520078A4E1 /* IndividualAccountViewController.swift in Sources */,
				24DB4B452CAE9DE300FA476E /* UserAccountsViewController.swift in Sources */,
				24430A472CB0613800D92490 /* UIViewController+ShowToast.swift in Sources */,
				2416E7762CAE975E003BF114 /* LoginViewModel.swift in Sources */,
				24430A532CB06A0400D92490 /* LoginValidatorTests.swift in Sources */,
				24430A422CB060AA00D92490 /* Coordinator.swift in Sources */,
				24430A382CB000AF00D92490 /* IndividualAccountViewModelTests.swift in Sources */,
				24430A432CB060B400D92490 /* LoginViewController.swift in Sources */,
				24430A442CB060BD00D92490 /* ToastModel.swift in Sources */,
				24430A502CB0687200D92490 /* LoginViewModelTests.swift in Sources */,
				24DB4B832CAEC4F100FA476E /* Array+Safe.swift in Sources */,
				24DB4B892CAECD7C00FA476E /* UserDefaultsManager.swift in Sources */,
				24430A4B2CB0626300D92490 /* UserAccountsViewModelTests.swift in Sources */,
				24430A482CB0613F00D92490 /* ToastView.swift in Sources */,
				24430A5E2CB06B5500D92490 /* LoginViewControllerTests.swift in Sources */,
				24430A622CB071D000D92490 /* IndividualAccountViewControllerTests.swift in Sources */,
				242E9BF32CAFF46E0078A4E1 /* IndividualAccountViewModel.swift in Sources */,
				B2CA47672794D69A0041B3A5 /* StubData.swift in Sources */,
				24430A3D2CB0608500D92490 /* Padding.swift in Sources */,
				24DB4B412CAE9BD600FA476E /* KeychainManager.swift in Sources */,
				24DB4B7B2CAEAFC000FA476E /* DisplayableProduct.swift in Sources */,
				24430A3E2CB0608D00D92490 /* LoadingButton.swift in Sources */,
				24430A462CB060D200D92490 /* ProductCardCell.swift in Sources */,
				24DB4B8C2CAED03C00FA476E /* UserAccountsViewModel.swift in Sources */,
				24430A3F2CB0609400D92490 /* CardView.swift in Sources */,
				24430A4E2CB0629100D92490 /* MockDataProvider.swift in Sources */,
				242E9BEA2CAFD4510078A4E1 /* ProductCardErrorCell.swift in Sources */,
			);
			runOnlyForDeploymentPostprocessing = 0;
		};
/* End PBXSourcesBuildPhase section */

/* Begin PBXTargetDependency section */
		B2CA46E02793508A0041B3A5 /* PBXTargetDependency */ = {
			isa = PBXTargetDependency;
			target = B2CA46C7279350880041B3A5 /* MoneyBox */;
			targetProxy = B2CA46DF2793508A0041B3A5 /* PBXContainerItemProxy */;
		};
/* End PBXTargetDependency section */

/* Begin PBXVariantGroup section */
		B2CA46D62793508A0041B3A5 /* LaunchScreen.storyboard */ = {
			isa = PBXVariantGroup;
			children = (
				B2CA46D72793508A0041B3A5 /* Base */,
			);
			name = LaunchScreen.storyboard;
			sourceTree = "<group>";
		};
/* End PBXVariantGroup section */

/* Begin XCBuildConfiguration section */
		B2CA46F02793508A0041B3A5 /* Debug */ = {
			isa = XCBuildConfiguration;
			buildSettings = {
				ALWAYS_SEARCH_USER_PATHS = NO;
				CLANG_ANALYZER_NONNULL = YES;
				CLANG_ANALYZER_NUMBER_OBJECT_CONVERSION = YES_AGGRESSIVE;
				CLANG_CXX_LANGUAGE_STANDARD = "gnu++17";
				CLANG_CXX_LIBRARY = "libc++";
				CLANG_ENABLE_MODULES = YES;
				CLANG_ENABLE_OBJC_ARC = YES;
				CLANG_ENABLE_OBJC_WEAK = YES;
				CLANG_WARN_BLOCK_CAPTURE_AUTORELEASING = YES;
				CLANG_WARN_BOOL_CONVERSION = YES;
				CLANG_WARN_COMMA = YES;
				CLANG_WARN_CONSTANT_CONVERSION = YES;
				CLANG_WARN_DEPRECATED_OBJC_IMPLEMENTATIONS = YES;
				CLANG_WARN_DIRECT_OBJC_ISA_USAGE = YES_ERROR;
				CLANG_WARN_DOCUMENTATION_COMMENTS = YES;
				CLANG_WARN_EMPTY_BODY = YES;
				CLANG_WARN_ENUM_CONVERSION = YES;
				CLANG_WARN_INFINITE_RECURSION = YES;
				CLANG_WARN_INT_CONVERSION = YES;
				CLANG_WARN_NON_LITERAL_NULL_CONVERSION = YES;
				CLANG_WARN_OBJC_IMPLICIT_RETAIN_SELF = YES;
				CLANG_WARN_OBJC_LITERAL_CONVERSION = YES;
				CLANG_WARN_OBJC_ROOT_CLASS = YES_ERROR;
				CLANG_WARN_QUOTED_INCLUDE_IN_FRAMEWORK_HEADER = YES;
				CLANG_WARN_RANGE_LOOP_ANALYSIS = YES;
				CLANG_WARN_STRICT_PROTOTYPES = YES;
				CLANG_WARN_SUSPICIOUS_MOVE = YES;
				CLANG_WARN_UNGUARDED_AVAILABILITY = YES_AGGRESSIVE;
				CLANG_WARN_UNREACHABLE_CODE = YES;
				CLANG_WARN__DUPLICATE_METHOD_MATCH = YES;
				COPY_PHASE_STRIP = NO;
				DEBUG_INFORMATION_FORMAT = dwarf;
				ENABLE_STRICT_OBJC_MSGSEND = YES;
				ENABLE_TESTABILITY = YES;
				GCC_C_LANGUAGE_STANDARD = gnu11;
				GCC_DYNAMIC_NO_PIC = NO;
				GCC_NO_COMMON_BLOCKS = YES;
				GCC_OPTIMIZATION_LEVEL = 0;
				GCC_PREPROCESSOR_DEFINITIONS = (
					"DEBUG=1",
					"$(inherited)",
				);
				GCC_WARN_64_TO_32_BIT_CONVERSION = YES;
				GCC_WARN_ABOUT_RETURN_TYPE = YES_ERROR;
				GCC_WARN_UNDECLARED_SELECTOR = YES;
				GCC_WARN_UNINITIALIZED_AUTOS = YES_AGGRESSIVE;
				GCC_WARN_UNUSED_FUNCTION = YES;
				GCC_WARN_UNUSED_VARIABLE = YES;
				IPHONEOS_DEPLOYMENT_TARGET = 15.0;
				MTL_ENABLE_DEBUG_INFO = INCLUDE_SOURCE;
				MTL_FAST_MATH = YES;
				ONLY_ACTIVE_ARCH = YES;
				SDKROOT = iphoneos;
				SWIFT_ACTIVE_COMPILATION_CONDITIONS = DEBUG;
				SWIFT_OPTIMIZATION_LEVEL = "-Onone";
			};
			name = Debug;
		};
		B2CA46F12793508A0041B3A5 /* Release */ = {
			isa = XCBuildConfiguration;
			buildSettings = {
				ALWAYS_SEARCH_USER_PATHS = NO;
				CLANG_ANALYZER_NONNULL = YES;
				CLANG_ANALYZER_NUMBER_OBJECT_CONVERSION = YES_AGGRESSIVE;
				CLANG_CXX_LANGUAGE_STANDARD = "gnu++17";
				CLANG_CXX_LIBRARY = "libc++";
				CLANG_ENABLE_MODULES = YES;
				CLANG_ENABLE_OBJC_ARC = YES;
				CLANG_ENABLE_OBJC_WEAK = YES;
				CLANG_WARN_BLOCK_CAPTURE_AUTORELEASING = YES;
				CLANG_WARN_BOOL_CONVERSION = YES;
				CLANG_WARN_COMMA = YES;
				CLANG_WARN_CONSTANT_CONVERSION = YES;
				CLANG_WARN_DEPRECATED_OBJC_IMPLEMENTATIONS = YES;
				CLANG_WARN_DIRECT_OBJC_ISA_USAGE = YES_ERROR;
				CLANG_WARN_DOCUMENTATION_COMMENTS = YES;
				CLANG_WARN_EMPTY_BODY = YES;
				CLANG_WARN_ENUM_CONVERSION = YES;
				CLANG_WARN_INFINITE_RECURSION = YES;
				CLANG_WARN_INT_CONVERSION = YES;
				CLANG_WARN_NON_LITERAL_NULL_CONVERSION = YES;
				CLANG_WARN_OBJC_IMPLICIT_RETAIN_SELF = YES;
				CLANG_WARN_OBJC_LITERAL_CONVERSION = YES;
				CLANG_WARN_OBJC_ROOT_CLASS = YES_ERROR;
				CLANG_WARN_QUOTED_INCLUDE_IN_FRAMEWORK_HEADER = YES;
				CLANG_WARN_RANGE_LOOP_ANALYSIS = YES;
				CLANG_WARN_STRICT_PROTOTYPES = YES;
				CLANG_WARN_SUSPICIOUS_MOVE = YES;
				CLANG_WARN_UNGUARDED_AVAILABILITY = YES_AGGRESSIVE;
				CLANG_WARN_UNREACHABLE_CODE = YES;
				CLANG_WARN__DUPLICATE_METHOD_MATCH = YES;
				COPY_PHASE_STRIP = NO;
				DEBUG_INFORMATION_FORMAT = "dwarf-with-dsym";
				ENABLE_NS_ASSERTIONS = NO;
				ENABLE_STRICT_OBJC_MSGSEND = YES;
				GCC_C_LANGUAGE_STANDARD = gnu11;
				GCC_NO_COMMON_BLOCKS = YES;
				GCC_WARN_64_TO_32_BIT_CONVERSION = YES;
				GCC_WARN_ABOUT_RETURN_TYPE = YES_ERROR;
				GCC_WARN_UNDECLARED_SELECTOR = YES;
				GCC_WARN_UNINITIALIZED_AUTOS = YES_AGGRESSIVE;
				GCC_WARN_UNUSED_FUNCTION = YES;
				GCC_WARN_UNUSED_VARIABLE = YES;
				IPHONEOS_DEPLOYMENT_TARGET = 15.0;
				MTL_ENABLE_DEBUG_INFO = NO;
				MTL_FAST_MATH = YES;
				SDKROOT = iphoneos;
				SWIFT_COMPILATION_MODE = wholemodule;
				SWIFT_OPTIMIZATION_LEVEL = "-O";
				VALIDATE_PRODUCT = YES;
			};
			name = Release;
		};
		B2CA46F32793508A0041B3A5 /* Debug */ = {
			isa = XCBuildConfiguration;
			buildSettings = {
				ASSETCATALOG_COMPILER_APPICON_NAME = AppIcon;
				ASSETCATALOG_COMPILER_GLOBAL_ACCENT_COLOR_NAME = AccentColor;
				CODE_SIGN_STYLE = Automatic;
				CURRENT_PROJECT_VERSION = 1;
				DEVELOPMENT_TEAM = 7DM2UT7C8G;
				GENERATE_INFOPLIST_FILE = YES;
				INFOPLIST_FILE = MoneyBox/Info.plist;
				INFOPLIST_KEY_UIApplicationSupportsIndirectInputEvents = YES;
				INFOPLIST_KEY_UILaunchStoryboardName = LaunchScreen;
				INFOPLIST_KEY_UISupportedInterfaceOrientations_iPad = "UIInterfaceOrientationPortrait UIInterfaceOrientationPortraitUpsideDown UIInterfaceOrientationLandscapeLeft UIInterfaceOrientationLandscapeRight";
				INFOPLIST_KEY_UISupportedInterfaceOrientations_iPhone = "UIInterfaceOrientationPortrait UIInterfaceOrientationLandscapeLeft UIInterfaceOrientationLandscapeRight";
				IPHONEOS_DEPLOYMENT_TARGET = 15.0;
				LD_RUNPATH_SEARCH_PATHS = (
					"$(inherited)",
					"@executable_path/Frameworks",
				);
				MARKETING_VERSION = 1.0;
				PRODUCT_BUNDLE_IDENTIFIER = moneybox;
				PRODUCT_NAME = "$(TARGET_NAME)";
				SWIFT_EMIT_LOC_STRINGS = YES;
				SWIFT_VERSION = 5.0;
				TARGETED_DEVICE_FAMILY = 1;
			};
			name = Debug;
		};
		B2CA46F42793508A0041B3A5 /* Release */ = {
			isa = XCBuildConfiguration;
			buildSettings = {
				ASSETCATALOG_COMPILER_APPICON_NAME = AppIcon;
				ASSETCATALOG_COMPILER_GLOBAL_ACCENT_COLOR_NAME = AccentColor;
				CODE_SIGN_STYLE = Automatic;
				CURRENT_PROJECT_VERSION = 1;
				DEVELOPMENT_TEAM = 7DM2UT7C8G;
				GENERATE_INFOPLIST_FILE = YES;
				INFOPLIST_FILE = MoneyBox/Info.plist;
				INFOPLIST_KEY_UIApplicationSupportsIndirectInputEvents = YES;
				INFOPLIST_KEY_UILaunchStoryboardName = LaunchScreen;
				INFOPLIST_KEY_UISupportedInterfaceOrientations_iPad = "UIInterfaceOrientationPortrait UIInterfaceOrientationPortraitUpsideDown UIInterfaceOrientationLandscapeLeft UIInterfaceOrientationLandscapeRight";
				INFOPLIST_KEY_UISupportedInterfaceOrientations_iPhone = "UIInterfaceOrientationPortrait UIInterfaceOrientationLandscapeLeft UIInterfaceOrientationLandscapeRight";
				IPHONEOS_DEPLOYMENT_TARGET = 15.0;
				LD_RUNPATH_SEARCH_PATHS = (
					"$(inherited)",
					"@executable_path/Frameworks",
				);
				MARKETING_VERSION = 1.0;
				PRODUCT_BUNDLE_IDENTIFIER = moneybox;
				PRODUCT_NAME = "$(TARGET_NAME)";
				SWIFT_EMIT_LOC_STRINGS = YES;
				SWIFT_VERSION = 5.0;
				TARGETED_DEVICE_FAMILY = 1;
			};
			name = Release;
		};
		B2CA46F62793508A0041B3A5 /* Debug */ = {
			isa = XCBuildConfiguration;
			buildSettings = {
				ALWAYS_EMBED_SWIFT_STANDARD_LIBRARIES = YES;
				BUNDLE_LOADER = "$(TEST_HOST)";
				CODE_SIGN_STYLE = Automatic;
				CURRENT_PROJECT_VERSION = 1;
				DEVELOPMENT_TEAM = 7DM2UT7C8G;
				GENERATE_INFOPLIST_FILE = YES;
				IPHONEOS_DEPLOYMENT_TARGET = 15.2;
				MARKETING_VERSION = 1.0;
				PRODUCT_BUNDLE_IDENTIFIER = kara.MoneyBoxTests;
				PRODUCT_NAME = "$(TARGET_NAME)";
				SWIFT_EMIT_LOC_STRINGS = NO;
				SWIFT_VERSION = 5.0;
				TARGETED_DEVICE_FAMILY = "1,2";
				TEST_HOST = "$(BUILT_PRODUCTS_DIR)/MoneyBox.app/MoneyBox";
			};
			name = Debug;
		};
		B2CA46F72793508A0041B3A5 /* Release */ = {
			isa = XCBuildConfiguration;
			buildSettings = {
				ALWAYS_EMBED_SWIFT_STANDARD_LIBRARIES = YES;
				BUNDLE_LOADER = "$(TEST_HOST)";
				CODE_SIGN_STYLE = Automatic;
				CURRENT_PROJECT_VERSION = 1;
				DEVELOPMENT_TEAM = 7DM2UT7C8G;
				GENERATE_INFOPLIST_FILE = YES;
				IPHONEOS_DEPLOYMENT_TARGET = 15.2;
				MARKETING_VERSION = 1.0;
				PRODUCT_BUNDLE_IDENTIFIER = kara.MoneyBoxTests;
				PRODUCT_NAME = "$(TARGET_NAME)";
				SWIFT_EMIT_LOC_STRINGS = NO;
				SWIFT_VERSION = 5.0;
				TARGETED_DEVICE_FAMILY = "1,2";
				TEST_HOST = "$(BUILT_PRODUCTS_DIR)/MoneyBox.app/MoneyBox";
			};
			name = Release;
		};
/* End XCBuildConfiguration section */

/* Begin XCConfigurationList section */
		B2CA46C3279350880041B3A5 /* Build configuration list for PBXProject "MoneyBox" */ = {
			isa = XCConfigurationList;
			buildConfigurations = (
				B2CA46F02793508A0041B3A5 /* Debug */,
				B2CA46F12793508A0041B3A5 /* Release */,
			);
			defaultConfigurationIsVisible = 0;
			defaultConfigurationName = Release;
		};
		B2CA46F22793508A0041B3A5 /* Build configuration list for PBXNativeTarget "MoneyBox" */ = {
			isa = XCConfigurationList;
			buildConfigurations = (
				B2CA46F32793508A0041B3A5 /* Debug */,
				B2CA46F42793508A0041B3A5 /* Release */,
			);
			defaultConfigurationIsVisible = 0;
			defaultConfigurationName = Release;
		};
		B2CA46F52793508A0041B3A5 /* Build configuration list for PBXNativeTarget "MoneyBoxTests" */ = {
			isa = XCConfigurationList;
			buildConfigurations = (
				B2CA46F62793508A0041B3A5 /* Debug */,
				B2CA46F72793508A0041B3A5 /* Release */,
			);
			defaultConfigurationIsVisible = 0;
			defaultConfigurationName = Release;
		};
/* End XCConfigurationList section */

/* Begin XCLocalSwiftPackageReference section */
		24DB4B8D2CAED19C00FA476E /* XCLocalSwiftPackageReference "Networking" */ = {
			isa = XCLocalSwiftPackageReference;
			relativePath = Networking;
		};
/* End XCLocalSwiftPackageReference section */

/* Begin XCRemoteSwiftPackageReference section */
		24430A322CAFFD0600D92490 /* XCRemoteSwiftPackageReference "lottie-spm" */ = {
			isa = XCRemoteSwiftPackageReference;
			repositoryURL = "https://github.com/airbnb/lottie-spm.git";
			requirement = {
				kind = upToNextMajorVersion;
				minimumVersion = 4.5.0;
			};
		};
		24430A572CB06B3900D92490 /* XCRemoteSwiftPackageReference "swift-snapshot-testing" */ = {
			isa = XCRemoteSwiftPackageReference;
			repositoryURL = "https://github.com/pointfreeco/swift-snapshot-testing";
			requirement = {
				kind = upToNextMajorVersion;
				minimumVersion = 1.17.5;
			};
		};
/* End XCRemoteSwiftPackageReference section */

/* Begin XCSwiftPackageProductDependency section */
		24430A332CAFFD0600D92490 /* Lottie */ = {
			isa = XCSwiftPackageProductDependency;
			package = 24430A322CAFFD0600D92490 /* XCRemoteSwiftPackageReference "lottie-spm" */;
			productName = Lottie;
		};
		24430A582CB06B3900D92490 /* InlineSnapshotTesting */ = {
			isa = XCSwiftPackageProductDependency;
			package = 24430A572CB06B3900D92490 /* XCRemoteSwiftPackageReference "swift-snapshot-testing" */;
			productName = InlineSnapshotTesting;
		};
		24430A5A2CB06B3900D92490 /* SnapshotTesting */ = {
			isa = XCSwiftPackageProductDependency;
			package = 24430A572CB06B3900D92490 /* XCRemoteSwiftPackageReference "swift-snapshot-testing" */;
			productName = SnapshotTesting;
		};
		24DB4B8E2CAED19C00FA476E /* Networking */ = {
			isa = XCSwiftPackageProductDependency;
			productName = Networking;
		};
/* End XCSwiftPackageProductDependency section */
	};
	rootObject = B2CA46C0279350880041B3A5 /* Project object */;
}
